
Microsoft Visual Studio Solution File, Format Version 12.00
# Visual Studio 15
Project("{FAE04EC0-301F-11D3-BF4B-00C04F79EFBC}") = "Assembly-CSharp", "Assembly-CSharp.csproj", "{27AB3609-15DB-52E3-4D4E-5A489B4C4689}"
EndProject
Project("{FAE04EC0-301F-11D3-BF4B-00C04F79EFBC}") = "CoSimulationPlcSimAdv", "..\..\..\..\Downloads\109739660_PLCSIM_Advanced_COSIM_APPL_V10\CoSimulationPlcSimAdv\CoSimulationPlcSimAdv.csproj", "{A63560EE-05FB-4972-A1E3-777B6FF74C6F}"
EndProject
Global
	GlobalSection(SolutionConfigurationPlatforms) = preSolution
		Debug|Any CPU = Debug|Any CPU
		Release|Any CPU = Release|Any CPU
	EndGlobalSection
	GlobalSection(ProjectConfigurationPlatforms) = postSolution
		{27AB3609-15DB-52E3-4D4E-5A489B4C4689}.Debug|Any CPU.ActiveCfg = Debug|Any CPU
		{27AB3609-15DB-52E3-4D4E-5A489B4C4689}.Debug|Any CPU.Build.0 = Debug|Any CPU
		{27AB3609-15DB-52E3-4D4E-5A489B4C4689}.Release|Any CPU.ActiveCfg = Release|Any CPU
		{27AB3609-15DB-52E3-4D4E-5A489B4C4689}.Release|Any CPU.Build.0 = Release|Any CPU
		{A63560EE-05FB-4972-A1E3-777B6FF74C6F}.Debug|Any CPU.ActiveCfg = Debug|Any CPU
		{A63560EE-05FB-4972-A1E3-777B6FF74C6F}.Debug|Any CPU.Build.0 = Debug|Any CPU
		{A63560EE-05FB-4972-A1E3-777B6FF74C6F}.Release|Any CPU.ActiveCfg = Release|Any CPU
		{A63560EE-05FB-4972-A1E3-777B6FF74C6F}.Release|Any CPU.Build.0 = Release|Any CPU
	EndGlobalSection
	GlobalSection(SolutionProperties) = preSolution
		HideSolutionNode = FALSE
	EndGlobalSection
EndGlobal
